
Microsoft Visual Studio Solution File, Format Version 12.00
# Visual Studio 14
VisualStudioVersion = 14.0.24720.0
MinimumVisualStudioVersion = 10.0.40219.1
Project("{FAE04EC0-301F-11D3-BF4B-00C04F79EFBC}") = "Banepa Futsal", "Banepa Futsal\Banepa Futsal.csproj", "{E5B235D8-79C8-43B9-8ADA-34BC222DD941}"
EndProject
Project("{FAE04EC0-301F-11D3-BF4B-00C04F79EFBC}") = "BusinessLogicLayer", "BusinessLogicLayer\BusinessLogicLayer.csproj", "{9EF22F06-5A65-4F05-A2AA-73A78F9668CD}"
EndProject
Global
	GlobalSection(SolutionConfigurationPlatforms) = preSolution
		CD_ROM|Any CPU = CD_ROM|Any CPU
		Debug|Any CPU = Debug|Any CPU
		DVD-5|Any CPU = DVD-5|Any CPU
		Release|Any CPU = Release|Any CPU
		SingleImage|Any CPU = SingleImage|Any CPU
	EndGlobalSection
	GlobalSection(ProjectConfigurationPlatforms) = postSolution
		{E5B235D8-79C8-43B9-8ADA-34BC222DD941}.CD_ROM|Any CPU.ActiveCfg = Release|Any CPU
		{E5B235D8-79C8-43B9-8ADA-34BC222DD941}.CD_ROM|Any CPU.Build.0 = Release|Any CPU
		{E5B235D8-79C8-43B9-8ADA-34BC222DD941}.Debug|Any CPU.ActiveCfg = Debug|Any CPU
		{E5B235D8-79C8-43B9-8ADA-34BC222DD941}.Debug|Any CPU.Build.0 = Debug|Any CPU
		{E5B235D8-79C8-43B9-8ADA-34BC222DD941}.DVD-5|Any CPU.ActiveCfg = Debug|Any CPU
		{E5B235D8-79C8-43B9-8ADA-34BC222DD941}.DVD-5|Any CPU.Build.0 = Debug|Any CPU
		{E5B235D8-79C8-43B9-8ADA-34BC222DD941}.Release|Any CPU.ActiveCfg = Release|Any CPU
		{E5B235D8-79C8-43B9-8ADA-34BC222DD941}.Release|Any CPU.Build.0 = Release|Any CPU
		{E5B235D8-79C8-43B9-8ADA-34BC222DD941}.SingleImage|Any CPU.ActiveCfg = Release|Any CPU
		{E5B235D8-79C8-43B9-8ADA-34BC222DD941}.SingleImage|Any CPU.Build.0 = Release|Any CPU
		{9EF22F06-5A65-4F05-A2AA-73A78F9668CD}.CD_ROM|Any CPU.ActiveCfg = Release|Any CPU
		{9EF22F06-5A65-4F05-A2AA-73A78F9668CD}.CD_ROM|Any CPU.Build.0 = Release|Any CPU
		{9EF22F06-5A65-4F05-A2AA-73A78F9668CD}.Debug|Any CPU.ActiveCfg = Debug|Any CPU
		{9EF22F06-5A65-4F05-A2AA-73A78F9668CD}.Debug|Any CPU.Build.0 = Debug|Any CPU
		{9EF22F06-5A65-4F05-A2AA-73A78F9668CD}.DVD-5|Any CPU.ActiveCfg = Debug|Any CPU
		{9EF22F06-5A65-4F05-A2AA-73A78F9668CD}.DVD-5|Any CPU.Build.0 = Debug|Any CPU
		{9EF22F06-5A65-4F05-A2AA-73A78F9668CD}.Release|Any CPU.ActiveCfg = Release|Any CPU
		{9EF22F06-5A65-4F05-A2AA-73A78F9668CD}.Release|Any CPU.Build.0 = Release|Any CPU
		{9EF22F06-5A65-4F05-A2AA-73A78F9668CD}.SingleImage|Any CPU.ActiveCfg = Release|Any CPU
		{9EF22F06-5A65-4F05-A2AA-73A78F9668CD}.SingleImage|Any CPU.Build.0 = Release|Any CPU
	EndGlobalSection
	GlobalSection(SolutionProperties) = preSolution
		HideSolutionNode = FALSE
	EndGlobalSection
EndGlobal
